
Microsoft Visual Studio Solution File, Format Version 12.00
# Visual Studio Version 17
VisualStudioVersion = 17.14.37614.0 d17.14
MinimumVisualStudioVersion = 10.0.40219.1
Project("{FAE04EC0-301F-11D3-BF4B-00C04F79EFBC}") = "26310048_Practice", "26310048_Practice.csproj", "{72E42C06-41E5-4618-9960-340CE95E7C5B}"
EndProject
Global
	GlobalSection(SolutionConfigurationPlatforms) = preSolution
		Debug|Any CPU = Debug|Any CPU
		Release|Any CPU = Release|Any CPU
	EndGlobalSection
	GlobalSection(ProjectConfigurationPlatforms) = postSolution
		{72E42C06-41E5-4618-9960-340CE95E7C5B}.Debug|Any CPU.ActiveCfg = Debug|Any CPU
		{72E42C06-41E5-4618-9960-340CE95E7C5B}.Debug|Any CPU.Build.0 = Debug|Any CPU
		{72E42C06-41E5-4618-9960-340CE95E7C5B}.Release|Any CPU.ActiveCfg = Release|Any CPU
		{72E42C06-41E5-4618-9960-340CE95E7C5B}.Release|Any CPU.Build.0 = Release|Any CPU
	EndGlobalSection
	GlobalSection(SolutionProperties) = preSolution
		HideSolutionNode = FALSE
	EndGlobalSection
	GlobalSection(ExtensibilityGlobals) = postSolution
		SolutionGuid = {003BB87F-EA1A-4A53-AFC5-D3BBC28E49AF}
	EndGlobalSection
EndGlobal
