
Microsoft Visual Studio Solution File, Format Version 12.00
# Visual Studio Version 17
VisualStudioVersion = 17.14.37614.0 d17.14
MinimumVisualStudioVersion = 10.0.40219.1
Project("{FAE04EC0-301F-11D3-BF4B-00C04F79EFBC}") = "DoWhileBasic", "DoWhileBasic.csproj", "{4E273A9B-9F67-424C-8083-CA5D1B51391D}"
EndProject
Global
	GlobalSection(SolutionConfigurationPlatforms) = preSolution
		Debug|Any CPU = Debug|Any CPU
		Release|Any CPU = Release|Any CPU
	EndGlobalSection
	GlobalSection(ProjectConfigurationPlatforms) = postSolution
		{4E273A9B-9F67-424C-8083-CA5D1B51391D}.Debug|Any CPU.ActiveCfg = Debug|Any CPU
		{4E273A9B-9F67-424C-8083-CA5D1B51391D}.Debug|Any CPU.Build.0 = Debug|Any CPU
		{4E273A9B-9F67-424C-8083-CA5D1B51391D}.Release|Any CPU.ActiveCfg = Release|Any CPU
		{4E273A9B-9F67-424C-8083-CA5D1B51391D}.Release|Any CPU.Build.0 = Release|Any CPU
	EndGlobalSection
	GlobalSection(SolutionProperties) = preSolution
		HideSolutionNode = FALSE
	EndGlobalSection
	GlobalSection(ExtensibilityGlobals) = postSolution
		SolutionGuid = {2ED3EDCE-CE00-4BD8-A2C0-DBE62F6BDFD9}
	EndGlobalSection
EndGlobal
