
Microsoft Visual Studio Solution File, Format Version 12.00
# Visual Studio Version 17
VisualStudioVersion = 17.14.37614.0 d17.14
MinimumVisualStudioVersion = 10.0.40219.1
Project("{FAE04EC0-301F-11D3-BF4B-00C04F79EFBC}") = "Loop", "Loop.csproj", "{9C1F9FF5-FDE7-43CB-8DD9-53D58A8C84EF}"
EndProject
Global
	GlobalSection(SolutionConfigurationPlatforms) = preSolution
		Debug|Any CPU = Debug|Any CPU
		Release|Any CPU = Release|Any CPU
	EndGlobalSection
	GlobalSection(ProjectConfigurationPlatforms) = postSolution
		{9C1F9FF5-FDE7-43CB-8DD9-53D58A8C84EF}.Debug|Any CPU.ActiveCfg = Debug|Any CPU
		{9C1F9FF5-FDE7-43CB-8DD9-53D58A8C84EF}.Debug|Any CPU.Build.0 = Debug|Any CPU
		{9C1F9FF5-FDE7-43CB-8DD9-53D58A8C84EF}.Release|Any CPU.ActiveCfg = Release|Any CPU
		{9C1F9FF5-FDE7-43CB-8DD9-53D58A8C84EF}.Release|Any CPU.Build.0 = Release|Any CPU
	EndGlobalSection
	GlobalSection(SolutionProperties) = preSolution
		HideSolutionNode = FALSE
	EndGlobalSection
	GlobalSection(ExtensibilityGlobals) = postSolution
		SolutionGuid = {C4F45640-0392-427D-83A4-F0BE8F60940E}
	EndGlobalSection
EndGlobal
