
Microsoft Visual Studio Solution File, Format Version 12.00
# Visual Studio Version 17
VisualStudioVersion = 17.14.37614.0 d17.14
MinimumVisualStudioVersion = 10.0.40219.1
Project("{FAE04EC0-301F-11D3-BF4B-00C04F79EFBC}") = "PracticeProblem_Solved", "PracticeProblem_Solved.csproj", "{40EC0EFB-15CA-4066-B693-2CACDECF5607}"
EndProject
Global
	GlobalSection(SolutionConfigurationPlatforms) = preSolution
		Debug|Any CPU = Debug|Any CPU
		Release|Any CPU = Release|Any CPU
	EndGlobalSection
	GlobalSection(ProjectConfigurationPlatforms) = postSolution
		{40EC0EFB-15CA-4066-B693-2CACDECF5607}.Debug|Any CPU.ActiveCfg = Debug|Any CPU
		{40EC0EFB-15CA-4066-B693-2CACDECF5607}.Debug|Any CPU.Build.0 = Debug|Any CPU
		{40EC0EFB-15CA-4066-B693-2CACDECF5607}.Release|Any CPU.ActiveCfg = Release|Any CPU
		{40EC0EFB-15CA-4066-B693-2CACDECF5607}.Release|Any CPU.Build.0 = Release|Any CPU
	EndGlobalSection
	GlobalSection(SolutionProperties) = preSolution
		HideSolutionNode = FALSE
	EndGlobalSection
	GlobalSection(ExtensibilityGlobals) = postSolution
		SolutionGuid = {87048F5C-D69E-476A-BF7E-58624B7D1B44}
	EndGlobalSection
EndGlobal
