
Microsoft Visual Studio Solution File, Format Version 12.00
# Visual Studio Version 17
VisualStudioVersion = 17.14.37614.0 d17.14
MinimumVisualStudioVersion = 10.0.40219.1
Project("{FAE04EC0-301F-11D3-BF4B-00C04F79EFBC}") = "MyWIndowForm", "MyWIndowForm.csproj", "{D5864B3A-E5E2-450E-B336-35607F5CCD38}"
EndProject
Global
	GlobalSection(SolutionConfigurationPlatforms) = preSolution
		Debug|Any CPU = Debug|Any CPU
		Release|Any CPU = Release|Any CPU
	EndGlobalSection
	GlobalSection(ProjectConfigurationPlatforms) = postSolution
		{D5864B3A-E5E2-450E-B336-35607F5CCD38}.Debug|Any CPU.ActiveCfg = Debug|Any CPU
		{D5864B3A-E5E2-450E-B336-35607F5CCD38}.Debug|Any CPU.Build.0 = Debug|Any CPU
		{D5864B3A-E5E2-450E-B336-35607F5CCD38}.Release|Any CPU.ActiveCfg = Release|Any CPU
		{D5864B3A-E5E2-450E-B336-35607F5CCD38}.Release|Any CPU.Build.0 = Release|Any CPU
	EndGlobalSection
	GlobalSection(SolutionProperties) = preSolution
		HideSolutionNode = FALSE
	EndGlobalSection
	GlobalSection(ExtensibilityGlobals) = postSolution
		SolutionGuid = {DED91843-AA40-4194-86D3-2FC37839587A}
	EndGlobalSection
EndGlobal
